# This file is generated by running "yarn install" inside your project.
# Manual changes might be lost - proceed with caution!

__metadata:
  version: 10
  cacheKey: 10c0

"@esbuild/aix-ppc64@npm:0.28.2":
  version: 0.28.2
  resolution: "@esbuild/aix-ppc64@npm:0.28.2"
  conditions: os=aix & cpu=ppc64
  languageName: node
  linkType: hard

"@esbuild/android-arm64@npm:0.28.2":
  version: 0.28.2
  resolution: "@esbuild/android-arm64@npm:0.28.2"
  conditions: os=android & cpu=arm64
  languageName: node
  linkType: hard

"@esbuild/android-arm@npm:0.28.2":
  version: 0.28.2
  resolution: "@esbuild/android-arm@npm:0.28.2"
  conditions: os=android & cpu=arm
  languageName: node
  linkType: hard

"@esbuild/android-x64@npm:0.28.2":
  version: 0.28.2
  resolution: "@esbuild/android-x64@npm:0.28.2"
  conditions: os=android & cpu=x64
  languageName: node
  linkType: hard

"@esbuild/darwin-arm64@npm:0.28.2":
  version: 0.28.2
  resolution: "@esbuild/darwin-arm64@npm:0.28.2"
  conditions: os=darwin & cpu=arm64
  languageName: node
  linkType: hard

"@esbuild/darwin-x64@npm:0.28.2":
  version: 0.28.2
  resolution: "@esbuild/darwin-x64@npm:0.28.2"
  conditions: os=darwin & cpu=x64
  languageName: node
  linkType: hard

"@esbuild/freebsd-arm64@npm:0.28.2":
  version: 0.28.2
  resolution: "@esbuild/freebsd-arm64@npm:0.28.2"
  conditions: os=freebsd & cpu=arm64
  languageName: node
  linkType: hard

"@esbuild/freebsd-x64@npm:0.28.2":
  version: 0.28.2
  resolution: "@esbuild/freebsd-x64@npm:0.28.2"
  conditions: os=freebsd & cpu=x64
  languageName: node
  linkType: hard

"@esbuild/linux-arm64@npm:0.28.2":
  version: 0.28.2
  resolution: "@esbuild/linux-arm64@npm:0.28.2"
  conditions: os=linux & cpu=arm64
  languageName: node
  linkType: hard

"@esbuild/linux-arm@npm:0.28.2":
  version: 0.28.2
  resolution: "@esbuild/linux-arm@npm:0.28.2"
  conditions: os=linux & cpu=arm
  languageName: node
  linkType: hard

"@esbuild/linux-ia32@npm:0.28.2":
  version: 0.28.2
  resolution: "@esbuild/linux-ia32@npm:0.28.2"
  conditions: os=linux & cpu=ia32
  languageName: node
  linkType: hard

"@esbuild/linux-loong64@npm:0.28.2":
  version: 0.28.2
  resolution: "@esbuild/linux-loong64@npm:0.28.2"
  conditions: os=linux & cpu=loong64
  languageName: node
  linkType: hard

"@esbuild/linux-mips64el@npm:0.28.2":
  version: 0.28.2
  resolution: "@esbuild/linux-mips64el@npm:0.28.2"
  conditions: os=linux & cpu=mips64el
  languageName: node
  linkType: hard

"@esbuild/linux-ppc64@npm:0.28.2":
  version: 0.28.2
  resolution: "@esbuild/linux-ppc64@npm:0.28.2"
  conditions: os=linux & cpu=ppc64
  languageName: node
  linkType: hard

"@esbuild/linux-riscv64@npm:0.28.2":
  version: 0.28.2
  resolution: "@esbuild/linux-riscv64@npm:0.28.2"
  conditions: os=linux & cpu=riscv64
  languageName: node
  linkType: hard

"@esbuild/linux-s390x@npm:0.28.2":
  version: 0.28.2
  resolution: "@esbuild/linux-s390x@npm:0.28.2"
  conditions: os=linux & cpu=s390x
  languageName: node
  linkType: hard

"@esbuild/linux-x64@npm:0.28.2":
  version: 0.28.2
  resolution: "@esbuild/linux-x64@npm:0.28.2"
  conditions: os=linux & cpu=x64
  languageName: node
  linkType: hard

"@esbuild/netbsd-arm64@npm:0.28.2":
  version: 0.28.2
  resolution: "@esbuild/netbsd-arm64@npm:0.28.2"
  conditions: os=netbsd & cpu=arm64
  languageName: node
  linkType: hard

"@esbuild/netbsd-x64@npm:0.28.2":
  version: 0.28.2
  resolution: "@esbuild/netbsd-x64@npm:0.28.2"
  conditions: os=netbsd & cpu=x64
  languageName: node
  linkType: hard

"@esbuild/openbsd-arm64@npm:0.28.2":
  version: 0.28.2
  resolution: "@esbuild/openbsd-arm64@npm:0.28.2"
  conditions: os=openbsd & cpu=arm64
  languageName: node
  linkType: hard

"@esbuild/openbsd-x64@npm:0.28.2":
  version: 0.28.2
  resolution: "@esbuild/openbsd-x64@npm:0.28.2"
  conditions: os=openbsd & cpu=x64
  languageName: node
  linkType: hard

"@esbuild/openharmony-arm64@npm:0.28.2":
  version: 0.28.2
  resolution: "@esbuild/openharmony-arm64@npm:0.28.2"
  conditions: os=openharmony & cpu=arm64
  languageName: node
  linkType: hard

"@esbuild/sunos-x64@npm:0.28.2":
  version: 0.28.2
  resolution: "@esbuild/sunos-x64@npm:0.28.2"
  conditions: os=sunos & cpu=x64
  languageName: node
  linkType: hard

"@esbuild/win32-arm64@npm:0.28.2":
  version: 0.28.2
  resolution: "@esbuild/win32-arm64@npm:0.28.2"
  conditions: os=win32 & cpu=arm64
  languageName: node
  linkType: hard

"@esbuild/win32-ia32@npm:0.28.2":
  version: 0.28.2
  resolution: "@esbuild/win32-ia32@npm:0.28.2"
  conditions: os=win32 & cpu=ia32
  languageName: node
  linkType: hard

"@esbuild/win32-x64@npm:0.28.2":
  version: 0.28.2
  resolution: "@esbuild/win32-x64@npm:0.28.2"
  conditions: os=win32 & cpu=x64
  languageName: node
  linkType: hard

"@jridgewell/gen-mapping@npm:^0.3.5":
  version: 0.3.13
  resolution: "@jridgewell/gen-mapping@npm:0.3.13"
  dependencies:
    "@jridgewell/sourcemap-codec": "npm:^1.5.0"
    "@jridgewell/trace-mapping": "npm:^0.3.24"
  checksum: 10c0/9a7d65fb13bd9aec1fbab74cda08496839b7e2ceb31f5ab922b323e94d7c481ce0fc4fd7e12e2610915ed8af51178bdc61e168e92a8c8b8303b030b03489b13b
  languageName: node
  linkType: hard

"@jridgewell/resolve-uri@npm:^3.1.0":
  version: 3.1.2
  resolution: "@jridgewell/resolve-uri@npm:3.1.2"
  checksum: 10c0/d502e6fb516b35032331406d4e962c21fe77cdf1cbdb49c6142bcbd9e30507094b18972778a6e27cbad756209cfe34b1a27729e6fa08a2eb92b33943f680cf1e
  languageName: node
  linkType: hard

"@jridgewell/source-map@npm:^0.3.3":
  version: 0.3.11
  resolution: "@jridgewell/source-map@npm:0.3.11"
  dependencies:
    "@jridgewell/gen-mapping": "npm:^0.3.5"
    "@jridgewell/trace-mapping": "npm:^0.3.25"
  checksum: 10c0/50a4fdafe0b8f655cb2877e59fe81320272eaa4ccdbe6b9b87f10614b2220399ae3e05c16137a59db1f189523b42c7f88bd097ee991dbd7bc0e01113c583e844
  languageName: node
  linkType: hard

"@jridgewell/sourcemap-codec@npm:^1.4.14, @jridgewell/sourcemap-codec@npm:^1.5.0":
  version: 1.6.0
  resolution: "@jridgewell/sourcemap-codec@npm:1.6.0"
  checksum: 10c0/b5be700e45a775f218589c3466c4ffea630582b4988657652da464e5ab8a7d18bf928ee4fd2363fb346ede4bea9c6ff0bae05a538358c4565ece6199531b5f72
  languageName: node
  linkType: hard

"@jridgewell/trace-mapping@npm:^0.3.24, @jridgewell/trace-mapping@npm:^0.3.25":
  version: 0.3.31
  resolution: "@jridgewell/trace-mapping@npm:0.3.31"
  dependencies:
    "@jridgewell/resolve-uri": "npm:^3.1.0"
    "@jridgewell/sourcemap-codec": "npm:^1.4.14"
  checksum: 10c0/4b30ec8cd56c5fd9a661f088230af01e0c1a3888d11ffb6b47639700f71225be21d1f7e168048d6d4f9449207b978a235c07c8f15c07705685d16dc06280e9d9
  languageName: node
  linkType: hard

"acorn@npm:^8.15.0":
  version: 8.18.0
  resolution: "acorn@npm:8.18.0"
  bin:
    acorn: bin/acorn
  checksum: 10c0/be771be2135cc07910cf76f444ad514d7dcfd6d4a8026e597e93155275abc8ef61eee12211d52146e9d962874269b634f397464942087be013c89d0c54c5f8e5
  languageName: node
  linkType: hard

"buffer-from@npm:^1.0.0":
  version: 1.1.2
  resolution: "buffer-from@npm:1.1.2"
  checksum: 10c0/124fff9d66d691a86d3b062eff4663fe437a9d9ee4b47b1b9e97f5a5d14f6d5399345db80f796827be7c95e70a8e765dd404b7c3ff3b3324f98e9b0c8826cc34
  languageName: node
  linkType: hard

"camel-case@npm:^4.1.2":
  version: 4.1.2
  resolution: "camel-case@npm:4.1.2"
  dependencies:
    pascal-case: "npm:^3.1.2"
    tslib: "npm:^2.0.3"
  checksum: 10c0/bf9eefaee1f20edbed2e9a442a226793bc72336e2b99e5e48c6b7252b6f70b080fc46d8246ab91939e2af91c36cdd422e0af35161e58dd089590f302f8f64c8a
  languageName: node
  linkType: hard

"clean-css@npm:~5.3.2":
  version: 5.3.3
  resolution: "clean-css@npm:5.3.3"
  dependencies:
    source-map: "npm:~0.6.0"
  checksum: 10c0/381de7523e23f3762eb180e327dcc0cedafaf8cb1cd8c26b7cc1fc56e0829a92e734729c4f955394d65ed72fb62f82d8baf78af34b33b8a7d41ebad2accdd6fb
  languageName: node
  linkType: hard

"cngoldenlink-overlay-preview@workspace:.":
  version: 0.0.0-use.local
  resolution: "cngoldenlink-overlay-preview@workspace:."
  dependencies:
    esbuild: "npm:^0.28.2"
    html-minifier-terser: "npm:^7.2.0"
  languageName: unknown
  linkType: soft

"commander@npm:^10.0.0":
  version: 10.0.1
  resolution: "commander@npm:10.0.1"
  checksum: 10c0/53f33d8927758a911094adadda4b2cbac111a5b377d8706700587650fd8f45b0bbe336de4b5c3fe47fd61f420a3d9bd452b6e0e6e5600a7e74d7bf0174f6efe3
  languageName: node
  linkType: hard

"commander@npm:^2.20.0":
  version: 2.20.3
  resolution: "commander@npm:2.20.3"
  checksum: 10c0/74c781a5248c2402a0a3e966a0a2bba3c054aad144f5c023364be83265e796b20565aa9feff624132ff629aa64e16999fa40a743c10c12f7c61e96a794b99288
  languageName: node
  linkType: hard

"dot-case@npm:^3.0.4":
  version: 3.0.4
  resolution: "dot-case@npm:3.0.4"
  dependencies:
    no-case: "npm:^3.0.4"
    tslib: "npm:^2.0.3"
  checksum: 10c0/5b859ea65097a7ea870e2c91b5768b72ddf7fa947223fd29e167bcdff58fe731d941c48e47a38ec8aa8e43044c8fbd15cd8fa21689a526bc34b6548197cd5b05
  languageName: node
  linkType: hard

"entities@npm:^4.4.0":
  version: 4.5.0
  resolution: "entities@npm:4.5.0"
  checksum: 10c0/5b039739f7621f5d1ad996715e53d964035f75ad3b9a4d38c6b3804bb226e282ffeae2443624d8fdd9c47d8e926ae9ac009c54671243f0c3294c26af7cc85250
  languageName: node
  linkType: hard

"esbuild@npm:^0.28.2":
  version: 0.28.2
  resolution: "esbuild@npm:0.28.2"
  dependencies:
    "@esbuild/aix-ppc64": "npm:0.28.2"
    "@esbuild/android-arm": "npm:0.28.2"
    "@esbuild/android-arm64": "npm:0.28.2"
    "@esbuild/android-x64": "npm:0.28.2"
    "@esbuild/darwin-arm64": "npm:0.28.2"
    "@esbuild/darwin-x64": "npm:0.28.2"
    "@esbuild/freebsd-arm64": "npm:0.28.2"
    "@esbuild/freebsd-x64": "npm:0.28.2"
    "@esbuild/linux-arm": "npm:0.28.2"
    "@esbuild/linux-arm64": "npm:0.28.2"
    "@esbuild/linux-ia32": "npm:0.28.2"
    "@esbuild/linux-loong64": "npm:0.28.2"
    "@esbuild/linux-mips64el": "npm:0.28.2"
    "@esbuild/linux-ppc64": "npm:0.28.2"
    "@esbuild/linux-riscv64": "npm:0.28.2"
    "@esbuild/linux-s390x": "npm:0.28.2"
    "@esbuild/linux-x64": "npm:0.28.2"
    "@esbuild/netbsd-arm64": "npm:0.28.2"
    "@esbuild/netbsd-x64": "npm:0.28.2"
    "@esbuild/openbsd-arm64": "npm:0.28.2"
    "@esbuild/openbsd-x64": "npm:0.28.2"
    "@esbuild/openharmony-arm64": "npm:0.28.2"
    "@esbuild/sunos-x64": "npm:0.28.2"
    "@esbuild/win32-arm64": "npm:0.28.2"
    "@esbuild/win32-ia32": "npm:0.28.2"
    "@esbuild/win32-x64": "npm:0.28.2"
  dependenciesMeta:
    "@esbuild/aix-ppc64":
      optional: true
    "@esbuild/android-arm":
      optional: true
    "@esbuild/android-arm64":
      optional: true
    "@esbuild/android-x64":
      optional: true
    "@esbuild/darwin-arm64":
      optional: true
    "@esbuild/darwin-x64":
      optional: true
    "@esbuild/freebsd-arm64":
      optional: true
    "@esbuild/freebsd-x64":
      optional: true
    "@esbuild/linux-arm":
      optional: true
    "@esbuild/linux-arm64":
      optional: true
    "@esbuild/linux-ia32":
      optional: true
    "@esbuild/linux-loong64":
      optional: true
    "@esbuild/linux-mips64el":
      optional: true
    "@esbuild/linux-ppc64":
      optional: true
    "@esbuild/linux-riscv64":
      optional: true
    "@esbuild/linux-s390x":
      optional: true
    "@esbuild/linux-x64":
      optional: true
    "@esbuild/netbsd-arm64":
      optional: true
    "@esbuild/netbsd-x64":
      optional: true
    "@esbuild/openbsd-arm64":
      optional: true
    "@esbuild/openbsd-x64":
      optional: true
    "@esbuild/openharmony-arm64":
      optional: true
    "@esbuild/sunos-x64":
      optional: true
    "@esbuild/win32-arm64":
      optional: true
    "@esbuild/win32-ia32":
      optional: true
    "@esbuild/win32-x64":
      optional: true
  bin:
    esbuild: bin/esbuild
  checksum: 10c0/9b19edb63bd7780fd2e8e65a1394a0e8a05a17d697f73f0647ffe3c134709d8dbe744ab3fd57b35c9470db268cae7678fafd3dcd3ce1f34fc590568c2433f5d2
  languageName: node
  linkType: hard

"html-minifier-terser@npm:^7.2.0":
  version: 7.2.0
  resolution: "html-minifier-terser@npm:7.2.0"
  dependencies:
    camel-case: "npm:^4.1.2"
    clean-css: "npm:~5.3.2"
    commander: "npm:^10.0.0"
    entities: "npm:^4.4.0"
    param-case: "npm:^3.0.4"
    relateurl: "npm:^0.2.7"
    terser: "npm:^5.15.1"
  bin:
    html-minifier-terser: cli.js
  checksum: 10c0/ffc97c17299d9ec30e17269781b816ea2fc411a9206fc9e768be8f2decb1ea1470892809babb23bb4e3ab1f64d606d97e1803bf526ae3af71edc0fd3070b94b9
  languageName: node
  linkType: hard

"lower-case@npm:^2.0.2":
  version: 2.0.2
  resolution: "lower-case@npm:2.0.2"
  dependencies:
    tslib: "npm:^2.0.3"
  checksum: 10c0/3d925e090315cf7dc1caa358e0477e186ffa23947740e4314a7429b6e62d72742e0bbe7536a5ae56d19d7618ce998aba05caca53c2902bd5742fdca5fc57fd7b
  languageName: node
  linkType: hard

"no-case@npm:^3.0.4":
  version: 3.0.4
  resolution: "no-case@npm:3.0.4"
  dependencies:
    lower-case: "npm:^2.0.2"
    tslib: "npm:^2.0.3"
  checksum: 10c0/8ef545f0b3f8677c848f86ecbd42ca0ff3cd9dd71c158527b344c69ba14710d816d8489c746b6ca225e7b615108938a0bda0a54706f8c255933703ac1cf8e703
  languageName: node
  linkType: hard

"param-case@npm:^3.0.4":
  version: 3.0.4
  resolution: "param-case@npm:3.0.4"
  dependencies:
    dot-case: "npm:^3.0.4"
    tslib: "npm:^2.0.3"
  checksum: 10c0/ccc053f3019f878eca10e70ec546d92f51a592f762917dafab11c8b532715dcff58356118a6f350976e4ab109e321756f05739643ed0ca94298e82291e6f9e76
  languageName: node
  linkType: hard

"pascal-case@npm:^3.1.2":
  version: 3.1.2
  resolution: "pascal-case@npm:3.1.2"
  dependencies:
    no-case: "npm:^3.0.4"
    tslib: "npm:^2.0.3"
  checksum: 10c0/05ff7c344809fd272fc5030ae0ee3da8e4e63f36d47a1e0a4855ca59736254192c5a27b5822ed4bae96e54048eec5f6907713cfcfff7cdf7a464eaf7490786d8
  languageName: node
  linkType: hard

"relateurl@npm:^0.2.7":
  version: 0.2.7
  resolution: "relateurl@npm:0.2.7"
  checksum: 10c0/c248b4e3b32474f116a804b537fa6343d731b80056fb506dffd91e737eef4cac6be47a65aae39b522b0db9d0b1011d1a12e288d82a109ecd94a5299d82f6573a
  languageName: node
  linkType: hard

"source-map-support@npm:~0.5.20":
  version: 0.5.21
  resolution: "source-map-support@npm:0.5.21"
  dependencies:
    buffer-from: "npm:^1.0.0"
    source-map: "npm:^0.6.0"
  checksum: 10c0/9ee09942f415e0f721d6daad3917ec1516af746a8120bba7bb56278707a37f1eb8642bde456e98454b8a885023af81a16e646869975f06afc1a711fb90484e7d
  languageName: node
  linkType: hard

"source-map@npm:^0.6.0, source-map@npm:~0.6.0":
  version: 0.6.1
  resolution: "source-map@npm:0.6.1"
  checksum: 10c0/ab55398007c5e5532957cb0beee2368529618ac0ab372d789806f5718123cc4367d57de3904b4e6a4170eb5a0b0f41373066d02ca0735a0c4d75c7d328d3e011
  languageName: node
  linkType: hard

"terser@npm:^5.15.1":
  version: 5.51.2
  resolution: "terser@npm:5.51.2"
  dependencies:
    "@jridgewell/source-map": "npm:^0.3.3"
    acorn: "npm:^8.15.0"
    commander: "npm:^2.20.0"
    source-map-support: "npm:~0.5.20"
  bin:
    terser: bin/terser
  checksum: 10c0/e6dd3d9152ad51b5a990e55bf0647701278970193d2ce2359a401623e65827a27a1803f5d58593a1f0b5e10ff3fa316a8d014d4f88a28d98ea94fb69359aeae5
  languageName: node
  linkType: hard

"tslib@npm:^2.0.3":
  version: 2.8.1
  resolution: "tslib@npm:2.8.1"
  checksum: 10c0/9c4759110a19c53f992d9aae23aac5ced636e99887b51b9e61def52611732872ff7668757d4e4c61f19691e36f4da981cd9485e869b4a7408d689f6bf1f14e62
  languageName: node
  linkType: hard
